
Microsoft Visual Studio Solution File, Format Version 12.00
# Visual Studio Version 16
VisualStudioVersion = 16.0.29326.143
MinimumVisualStudioVersion = 10.0.40219.1
Project("{9A19103F-16F7-4668-BE54-9A1E7A4F7556}") = "CurrencyTextBoxControl", "CurrencyTextBoxControl\CurrencyTextBoxControl.csproj", "{144A2EE7-09EC-4618-BA94-6593205962C9}"
EndProject
Project("{9A19103F-16F7-4668-BE54-9A1E7A4F7556}") = "CurrencyTextBoxExample", "CurrencyTextBoxExample\CurrencyTextBoxExample.csproj", "{13F3D236-4FC1-433F-9F2E-E0932035A5AD}"
EndProject
Global
	GlobalSection(SolutionConfigurationPlatforms) = preSolution
		Debug|Any CPU = Debug|Any CPU
		Debug|Mixed Platforms = Debug|Mixed Platforms
		Debug|x86 = Debug|x86
		Release|Any CPU = Release|Any CPU
		Release|Mixed Platforms = Release|Mixed Platforms
		Release|x86 = Release|x86
	EndGlobalSection
	GlobalSection(ProjectConfigurationPlatforms) = postSolution
		{144A2EE7-09EC-4618-BA94-6593205962C9}.Debug|Any CPU.ActiveCfg = Release|Any CPU
		{144A2EE7-09EC-4618-BA94-6593205962C9}.Debug|Any CPU.Build.0 = Release|Any CPU
		{144A2EE7-09EC-4618-BA94-6593205962C9}.Debug|Mixed Platforms.ActiveCfg = Debug|Any CPU
		{144A2EE7-09EC-4618-BA94-6593205962C9}.Debug|Mixed Platforms.Build.0 = Debug|Any CPU
		{144A2EE7-09EC-4618-BA94-6593205962C9}.Debug|x86.ActiveCfg = Debug|Any CPU
		{144A2EE7-09EC-4618-BA94-6593205962C9}.Release|Any CPU.ActiveCfg = Release|Any CPU
		{144A2EE7-09EC-4618-BA94-6593205962C9}.Release|Any CPU.Build.0 = Release|Any CPU
		{144A2EE7-09EC-4618-BA94-6593205962C9}.Release|Mixed Platforms.ActiveCfg = Release|Any CPU
		{144A2EE7-09EC-4618-BA94-6593205962C9}.Release|Mixed Platforms.Build.0 = Release|Any CPU
		{144A2EE7-09EC-4618-BA94-6593205962C9}.Release|x86.ActiveCfg = Release|Any CPU
		{13F3D236-4FC1-433F-9F2E-E0932035A5AD}.Debug|Any CPU.ActiveCfg = Debug|Any CPU
		{13F3D236-4FC1-433F-9F2E-E0932035A5AD}.Debug|Any CPU.Build.0 = Debug|Any CPU
		{13F3D236-4FC1-433F-9F2E-E0932035A5AD}.Debug|Mixed Platforms.ActiveCfg = Debug|Any CPU
		{13F3D236-4FC1-433F-9F2E-E0932035A5AD}.Debug|Mixed Platforms.Build.0 = Debug|Any CPU
		{13F3D236-4FC1-433F-9F2E-E0932035A5AD}.Debug|x86.ActiveCfg = Debug|Any CPU
		{13F3D236-4FC1-433F-9F2E-E0932035A5AD}.Debug|x86.Build.0 = Debug|Any CPU
		{13F3D236-4FC1-433F-9F2E-E0932035A5AD}.Release|Any CPU.ActiveCfg = Release|Any CPU
		{13F3D236-4FC1-433F-9F2E-E0932035A5AD}.Release|Any CPU.Build.0 = Release|Any CPU
		{13F3D236-4FC1-433F-9F2E-E0932035A5AD}.Release|Mixed Platforms.ActiveCfg = Release|Any CPU
		{13F3D236-4FC1-433F-9F2E-E0932035A5AD}.Release|Mixed Platforms.Build.0 = Release|Any CPU
		{13F3D236-4FC1-433F-9F2E-E0932035A5AD}.Release|x86.ActiveCfg = Release|Any CPU
		{13F3D236-4FC1-433F-9F2E-E0932035A5AD}.Release|x86.Build.0 = Release|Any CPU
	EndGlobalSection
	GlobalSection(SolutionProperties) = preSolution
		HideSolutionNode = FALSE
	EndGlobalSection
	GlobalSection(ExtensibilityGlobals) = postSolution
		SolutionGuid = {E4397EF9-2619-4399-B8F3-CB93B0918439}
	EndGlobalSection
EndGlobal
